
Microsoft Visual Studio Solution File, Format Version 12.00
# Visual Studio 15
VisualStudioVersion = 15.0.28010.2026
MinimumVisualStudioVersion = 10.0.40219.1
Project("{FAE04EC0-301F-11D3-BF4B-00C04F79EFBC}") = "Systems_Final Project 1", "Systems_Final Project 1\Systems_Final Project 1.csproj", "{AD6A03C6-A35B-4E2F-AAC6-C4039B845BC6}"
EndProject
Global
	GlobalSection(SolutionConfigurationPlatforms) = preSolution
		Debug|Any CPU = Debug|Any CPU
		Release|Any CPU = Release|Any CPU
	EndGlobalSection
	GlobalSection(ProjectConfigurationPlatforms) = postSolution
		{AD6A03C6-A35B-4E2F-AAC6-C4039B845BC6}.Debug|Any CPU.ActiveCfg = Debug|Any CPU
		{AD6A03C6-A35B-4E2F-AAC6-C4039B845BC6}.Debug|Any CPU.Build.0 = Debug|Any CPU
		{AD6A03C6-A35B-4E2F-AAC6-C4039B845BC6}.Release|Any CPU.ActiveCfg = Release|Any CPU
		{AD6A03C6-A35B-4E2F-AAC6-C4039B845BC6}.Release|Any CPU.Build.0 = Release|Any CPU
	EndGlobalSection
	GlobalSection(SolutionProperties) = preSolution
		HideSolutionNode = FALSE
	EndGlobalSection
	GlobalSection(ExtensibilityGlobals) = postSolution
		SolutionGuid = {8BE01C9F-0287-4449-A3C6-F28B9859A283}
	EndGlobalSection
EndGlobal
